// !$*UTF8*$!
{
	archiveVersion = 1;
	classes = {
	};
	objectVersion = 77;
	objects = {

/* Begin PBXContainerItemProxy section */
		8CEC9EAC2DC042F900C5E895 /* PBXContainerItemProxy */ = {
			isa = PBXContainerItemProxy;
			containerPortal = 8CEC9E962DC042F800C5E895 /* Project object */;
			proxyType = 1;
			remoteGlobalIDString = 8CEC9E9D2DC042F800C5E895;
			remoteInfo = "The Nature of Happiness";
		};
		8CEC9EB62DC042F900C5E895 /* PBXContainerItemProxy */ = {
			isa = PBXContainerItemProxy;
			containerPortal = 8CEC9E962DC042F800C5E895 /* Project object */;
			proxyType = 1;
			remoteGlobalIDString = 8CEC9E9D2DC042F800C5E895;
			remoteInfo = "The Nature of Happiness";
		};
/* End PBXContainerItemProxy section */

/* Begin PBXFileReference section */
		8CEC9E9E2DC042F800C5E895 /* The Nature of Happiness.app */ = {isa = PBXFileReference; explicitFileType = wrapper.application; includeInIndex = 0; path = "The Nature of Happiness.app"; sourceTree = BUILT_PRODUCTS_DIR; };
		8CEC9EAB2DC042F900C5E895 /* The Nature of HappinessTests.xctest */ = {isa = PBXFileReference; explicitFileType = wrapper.cfbundle; includeInIndex = 0; path = "The Nature of HappinessTests.xctest"; sourceTree = BUILT_PRODUCTS_DIR; };
		8CEC9EB52DC042F900C5E895 /* The Nature of HappinessUITests.xctest */ = {isa = PBXFileReference; explicitFileType = wrapper.cfbundle; includeInIndex = 0; path = "The Nature of HappinessUITests.xctest"; sourceTree = BUILT_PRODUCTS_DIR; };
/* End PBXFileReference section */

/* Begin PBXFileSystemSynchronizedRootGroup section */
		8CEC9EA02DC042F800C5E895 /* The Nature of Happiness */ = {
			isa = PBXFileSystemSynchronizedRootGroup;
			path = "The Nature of Happiness";
			sourceTree = "<group>";
		};
		8CEC9EAE2DC042F900C5E895 /* The Nature of HappinessTests */ = {
			isa = PBXFileSystemSynchronizedRootGroup;
			path = "The Nature of HappinessTests";
			sourceTree = "<group>";
		};
		8CEC9EB82DC042F900C5E895 /* The Nature of HappinessUITests */ = {
			isa = PBXFileSystemSynchronizedRootGroup;
			path = "The Nature of HappinessUITests";
			sourceTree = "<group>";
		};
/* End PBXFileSystemSynchronizedRootGroup section */

/* Begin PBXFrameworksBuildPhase section */
		8CEC9E9B2DC042F800C5E895 /* Frameworks */ = {
			isa = PBXFrameworksBuildPhase;
			buildActionMask = 2147483647;
			files = (
			);
			runOnlyForDeploymentPostprocessing = 0;
		};
		8CEC9EA82DC042F900C5E895 /* Frameworks */ = {
			isa = PBXFrameworksBuildPhase;
			buildActionMask = 2147483647;
			files = (
			);
			runOnlyForDeploymentPostprocessing = 0;
		};
		8CEC9EB22DC042F900C5E895 /* Frameworks */ = {
			isa = PBXFrameworksBuildPhase;
			buildActionMask = 2147483647;
			files = (
			);
			runOnlyForDeploymentPostprocessing = 0;
		};
/* End PBXFrameworksBuildPhase section */

/* Begin PBXGroup section */
		8CEC9E952DC042F800C5E895 = {
			isa = PBXGroup;
			children = (
				8CEC9EA02DC042F800C5E895 /* The Nature of Happiness */,
				8CEC9EAE2DC042F900C5E895 /* The Nature of HappinessTests */,
				8CEC9EB82DC042F900C5E895 /* The Nature of HappinessUITests */,
				8CEC9E9F2DC042F800C5E895 /* Products */,
			);
			sourceTree = "<group>";
		};
		8CEC9E9F2DC042F800C5E895 /* Products */ = {
			isa = PBXGroup;
			children = (
				8CEC9E9E2DC042F800C5E895 /* The Nature of Happiness.app */,
				8CEC9EAB2DC042F900C5E895 /* The Nature of HappinessTests.xctest */,
				8CEC9EB52DC042F900C5E895 /* The Nature of HappinessUITests.xctest */,
			);
			name = Products;
			sourceTree = "<group>";
		};
/* End PBXGroup section */

/* Begin PBXNativeTarget section */
		8CEC9E9D2DC042F800C5E895 /* The Nature of Happiness */ = {
			isa = PBXNativeTarget;
			buildConfigurationList = 8CEC9EBF2DC042F900C5E895 /* Build configuration list for PBXNativeTarget "The Nature of Happiness" */;
			buildPhases = (
				8CEC9E9A2DC042F800C5E895 /* Sources */,
				8CEC9E9B2DC042F800C5E895 /* Frameworks */,
				8CEC9E9C2DC042F800C5E895 /* Resources */,
			);
			buildRules = (
			);
			dependencies = (
			);
			fileSystemSynchronizedGroups = (
				8CEC9EA02DC042F800C5E895 /* The Nature of Happiness */,
			);
			name = "The Nature of Happiness";
			packageProductDependencies = (
			);
			productName = "The Nature of Happiness";
			productReference = 8CEC9E9E2DC042F800C5E895 /* The Nature of Happiness.app */;
			productType = "com.apple.product-type.application";
		};
		8CEC9EAA2DC042F900C5E895 /* The Nature of HappinessTests */ = {
			isa = PBXNativeTarget;
			buildConfigurationList = 8CEC9EC22DC042F900C5E895 /* Build configuration list for PBXNativeTarget "The Nature of HappinessTests" */;
			buildPhases = (
				8CEC9EA72DC042F900C5E895 /* Sources */,
				8CEC9EA82DC042F900C5E895 /* Frameworks */,
				8CEC9EA92DC042F900C5E895 /* Resources */,
			);
			buildRules = (
			);
			dependencies = (
				8CEC9EAD2DC042F900C5E895 /* PBXTargetDependency */,
			);
			fileSystemSynchronizedGroups = (
				8CEC9EAE2DC042F900C5E895 /* The Nature of HappinessTests */,
			);
			name = "The Nature of HappinessTests";
			packageProductDependencies = (
			);
			productName = "The Nature of HappinessTests";
			productReference = 8CEC9EAB2DC042F900C5E895 /* The Nature of HappinessTests.xctest */;
			productType = "com.apple.product-type.bundle.unit-test";
		};
		8CEC9EB42DC042F900C5E895 /* The Nature of HappinessUITests */ = {
			isa = PBXNativeTarget;
			buildConfigurationList = 8CEC9EC52DC042F900C5E895 /* Build configuration list for PBXNativeTarget "The Nature of HappinessUITests" */;
			buildPhases = (
				8CEC9EB12DC042F900C5E895 /* Sources */,
				8CEC9EB22DC042F900C5E895 /* Frameworks */,
				8CEC9EB32DC042F900C5E895 /* Resources */,
			);
			buildRules = (
			);
			dependencies = (
				8CEC9EB72DC042F900C5E895 /* PBXTargetDependency */,
			);
			fileSystemSynchronizedGroups = (
				8CEC9EB82DC042F900C5E895 /* The Nature of HappinessUITests */,
			);
			name = "The Nature of HappinessUITests";
			packageProductDependencies = (
			);
			productName = "The Nature of HappinessUITests";
			productReference = 8CEC9EB52DC042F900C5E895 /* The Nature of HappinessUITests.xctest */;
			productType = "com.apple.product-type.bundle.ui-testing";
		};
/* End PBXNativeTarget section */

/* Begin PBXProject section */
		8CEC9E962DC042F800C5E895 /* Project object */ = {
			isa = PBXProject;
			attributes = {
				BuildIndependentTargetsInParallel = 1;
				LastSwiftUpdateCheck = 1630;
				LastUpgradeCheck = 1630;
				TargetAttributes = {
					8CEC9E9D2DC042F800C5E895 = {
						CreatedOnToolsVersion = 16.3;
					};
					8CEC9EAA2DC042F900C5E895 = {
						CreatedOnToolsVersion = 16.3;
						TestTargetID = 8CEC9E9D2DC042F800C5E895;
					};
					8CEC9EB42DC042F900C5E895 = {
						CreatedOnToolsVersion = 16.3;
						TestTargetID = 8CEC9E9D2DC042F800C5E895;
					};
				};
			};
			buildConfigurationList = 8CEC9E992DC042F800C5E895 /* Build configuration list for PBXProject "The Nature of Happiness" */;
			developmentRegion = en;
			hasScannedForEncodings = 0;
			knownRegions = (
				en,
				Base,
			);
			mainGroup = 8CEC9E952DC042F800C5E895;
			minimizedProjectReferenceProxies = 1;
			preferredProjectObjectVersion = 77;
			productRefGroup = 8CEC9E9F2DC042F800C5E895 /* Products */;
			projectDirPath = "";
			projectRoot = "";
			targets = (
				8CEC9E9D2DC042F800C5E895 /* The Nature of Happiness */,
				8CEC9EAA2DC042F900C5E895 /* The Nature of HappinessTests */,
				8CEC9EB42DC042F900C5E895 /* The Nature of HappinessUITests */,
			);
		};
/* End PBXProject section */

/* Begin PBXResourcesBuildPhase section */
		8CEC9E9C2DC042F800C5E895 /* Resources */ = {
			isa = PBXResourcesBuildPhase;
			buildActionMask = 2147483647;
			files = (
			);
			runOnlyForDeploymentPostprocessing = 0;
		};
		8CEC9EA92DC042F900C5E895 /* Resources */ = {
			isa = PBXResourcesBuildPhase;
			buildActionMask = 2147483647;
			files = (
			);
			runOnlyForDeploymentPostprocessing = 0;
		};
		8CEC9EB32DC042F900C5E895 /* Resources */ = {
			isa = PBXResourcesBuildPhase;
			buildActionMask = 2147483647;
			files = (
			);
			runOnlyForDeploymentPostprocessing = 0;
		};
/* End PBXResourcesBuildPhase section */

/* Begin PBXSourcesBuildPhase section */
		8CEC9E9A2DC042F800C5E895 /* Sources */ = {
			isa = PBXSourcesBuildPhase;
			buildActionMask = 2147483647;
			files = (
			);
			runOnlyForDeploymentPostprocessing = 0;
		};
		8CEC9EA72DC042F900C5E895 /* Sources */ = {
			isa = PBXSourcesBuildPhase;
			buildActionMask = 2147483647;
			files = (
			);
			runOnlyForDeploymentPostprocessing = 0;
		};
		8CEC9EB12DC042F900C5E895 /* Sources */ = {
			isa = PBXSourcesBuildPhase;
			buildActionMask = 2147483647;
			files = (
			);
			runOnlyForDeploymentPostprocessing = 0;
		};
/* End PBXSourcesBuildPhase section */

/* Begin PBXTargetDependency section */
		8CEC9EAD2DC042F900C5E895 /* PBXTargetDependency */ = {
			isa = PBXTargetDependency;
			target = 8CEC9E9D2DC042F800C5E895 /* The Nature of Happiness */;
			targetProxy = 8CEC9EAC2DC042F900C5E895 /* PBXContainerItemProxy */;
		};
		8CEC9EB72DC042F900C5E895 /* PBXTargetDependency */ = {
			isa = PBXTargetDependency;
			target = 8CEC9E9D2DC042F800C5E895 /* The Nature of Happiness */;
			targetProxy = 8CEC9EB62DC042F900C5E895 /* PBXContainerItemProxy */;
		};
/* End PBXTargetDependency section */

/* Begin XCBuildConfiguration section */
		8CEC9EBD2DC042F900C5E895 /* Debug */ = {
			isa = XCBuildConfiguration;
			buildSettings = {
				ALWAYS_SEARCH_USER_PATHS = NO;
				ASSETCATALOG_COMPILER_GENERATE_SWIFT_ASSET_SYMBOL_EXTENSIONS = YES;
				CLANG_ANALYZER_NONNULL = YES;
				CLANG_ANALYZER_NUMBER_OBJECT_CONVERSION = YES_AGGRESSIVE;
				CLANG_CXX_LANGUAGE_STANDARD = "gnu++20";
				CLANG_ENABLE_MODULES = YES;
				CLANG_ENABLE_OBJC_ARC = YES;
				CLANG_ENABLE_OBJC_WEAK = YES;
				CLANG_WARN_BLOCK_CAPTURE_AUTORELEASING = YES;
				CLANG_WARN_BOOL_CONVERSION = YES;
				CLANG_WARN_COMMA = YES;
				CLANG_WARN_CONSTANT_CONVERSION = YES;
				CLANG_WARN_DEPRECATED_OBJC_IMPLEMENTATIONS = YES;
				CLANG_WARN_DIRECT_OBJC_ISA_USAGE = YES_ERROR;
				CLANG_WARN_DOCUMENTATION_COMMENTS = YES;
				CLANG_WARN_EMPTY_BODY = YES;
				CLANG_WARN_ENUM_CONVERSION = YES;
				CLANG_WARN_INFINITE_RECURSION = YES;
				CLANG_WARN_INT_CONVERSION = YES;
				CLANG_WARN_NON_LITERAL_NULL_CONVERSION = YES;
				CLANG_WARN_OBJC_IMPLICIT_RETAIN_SELF = YES;
				CLANG_WARN_OBJC_LITERAL_CONVERSION = YES;
				CLANG_WARN_OBJC_ROOT_CLASS = YES_ERROR;
				CLANG_WARN_QUOTED_INCLUDE_IN_FRAMEWORK_HEADER = YES;
				CLANG_WARN_RANGE_LOOP_ANALYSIS = YES;
				CLANG_WARN_STRICT_PROTOTYPES = YES;
				CLANG_WARN_SUSPICIOUS_MOVE = YES;
				CLANG_WARN_UNGUARDED_AVAILABILITY = YES_AGGRESSIVE;
				CLANG_WARN_UNREACHABLE_CODE = YES;
				CLANG_WARN__DUPLICATE_METHOD_MATCH = YES;
				COPY_PHASE_STRIP = NO;
				DEBUG_INFORMATION_FORMAT = dwarf;
				ENABLE_STRICT_OBJC_MSGSEND = YES;
				ENABLE_TESTABILITY = YES;
				ENABLE_USER_SCRIPT_SANDBOXING = YES;
				GCC_C_LANGUAGE_STANDARD = gnu17;
				GCC_DYNAMIC_NO_PIC = NO;
				GCC_NO_COMMON_BLOCKS = YES;
				GCC_OPTIMIZATION_LEVEL = 0;
				GCC_PREPROCESSOR_DEFINITIONS = (
					"DEBUG=1",
					"$(inherited)",
				);
				GCC_WARN_64_TO_32_BIT_CONVERSION = YES;
				GCC_WARN_ABOUT_RETURN_TYPE = YES_ERROR;
				GCC_WARN_UNDECLARED_SELECTOR = YES;
				GCC_WARN_UNINITIALIZED_AUTOS = YES_AGGRESSIVE;
				GCC_WARN_UNUSED_FUNCTION = YES;
				GCC_WARN_UNUSED_VARIABLE = YES;
				IPHONEOS_DEPLOYMENT_TARGET = 18.4;
				LOCALIZATION_PREFERS_STRING_CATALOGS = YES;
				MTL_ENABLE_DEBUG_INFO = INCLUDE_SOURCE;
				MTL_FAST_MATH = YES;
				ONLY_ACTIVE_ARCH = YES;
				SDKROOT = iphoneos;
				SWIFT_ACTIVE_COMPILATION_CONDITIONS = "DEBUG $(inherited)";
				SWIFT_OPTIMIZATION_LEVEL = "-Onone";
			};
			name = Debug;
		};
		8CEC9EBE2DC042F900C5E895 /* Release */ = {
			isa = XCBuildConfiguration;
			buildSettings = {
				ALWAYS_SEARCH_USER_PATHS = NO;
				ASSETCATALOG_COMPILER_GENERATE_SWIFT_ASSET_SYMBOL_EXTENSIONS = YES;
				CLANG_ANALYZER_NONNULL = YES;
				CLANG_ANALYZER_NUMBER_OBJECT_CONVERSION = YES_AGGRESSIVE;
				CLANG_CXX_LANGUAGE_STANDARD = "gnu++20";
				CLANG_ENABLE_MODULES = YES;
				CLANG_ENABLE_OBJC_ARC = YES;
				CLANG_ENABLE_OBJC_WEAK = YES;
				CLANG_WARN_BLOCK_CAPTURE_AUTORELEASING = YES;
				CLANG_WARN_BOOL_CONVERSION = YES;
				CLANG_WARN_COMMA = YES;
				CLANG_WARN_CONSTANT_CONVERSION = YES;
				CLANG_WARN_DEPRECATED_OBJC_IMPLEMENTATIONS = YES;
				CLANG_WARN_DIRECT_OBJC_ISA_USAGE = YES_ERROR;
				CLANG_WARN_DOCUMENTATION_COMMENTS = YES;
				CLANG_WARN_EMPTY_BODY = YES;
				CLANG_WARN_ENUM_CONVERSION = YES;
				CLANG_WARN_INFINITE_RECURSION = YES;
				CLANG_WARN_INT_CONVERSION = YES;
				CLANG_WARN_NON_LITERAL_NULL_CONVERSION = YES;
				CLANG_WARN_OBJC_IMPLICIT_RETAIN_SELF = YES;
				CLANG_WARN_OBJC_LITERAL_CONVERSION = YES;
				CLANG_WARN_OBJC_ROOT_CLASS = YES_ERROR;
				CLANG_WARN_QUOTED_INCLUDE_IN_FRAMEWORK_HEADER = YES;
				CLANG_WARN_RANGE_LOOP_ANALYSIS = YES;
				CLANG_WARN_STRICT_PROTOTYPES = YES;
				CLANG_WARN_SUSPICIOUS_MOVE = YES;
				CLANG_WARN_UNGUARDED_AVAILABILITY = YES_AGGRESSIVE;
				CLANG_WARN_UNREACHABLE_CODE = YES;
				CLANG_WARN__DUPLICATE_METHOD_MATCH = YES;
				COPY_PHASE_STRIP = NO;
				DEBUG_INFORMATION_FORMAT = "dwarf-with-dsym";
				ENABLE_NS_ASSERTIONS = NO;
				ENABLE_STRICT_OBJC_MSGSEND = YES;
				ENABLE_USER_SCRIPT_SANDBOXING = YES;
				GCC_C_LANGUAGE_STANDARD = gnu17;
				GCC_NO_COMMON_BLOCKS = YES;
				GCC_WARN_64_TO_32_BIT_CONVERSION = YES;
				GCC_WARN_ABOUT_RETURN_TYPE = YES_ERROR;
				GCC_WARN_UNDECLARED_SELECTOR = YES;
				GCC_WARN_UNINITIALIZED_AUTOS = YES_AGGRESSIVE;
				GCC_WARN_UNUSED_FUNCTION = YES;
				GCC_WARN_UNUSED_VARIABLE = YES;
				IPHONEOS_DEPLOYMENT_TARGET = 18.4;
				LOCALIZATION_PREFERS_STRING_CATALOGS = YES;
				MTL_ENABLE_DEBUG_INFO = NO;
				MTL_FAST_MATH = YES;
				SDKROOT = iphoneos;
				SWIFT_COMPILATION_MODE = wholemodule;
				VALIDATE_PRODUCT = YES;
			};
			name = Release;
		};
		8CEC9EC02DC042F900C5E895 /* Debug */ = {
			isa = XCBuildConfiguration;
			buildSettings = {
				ASSETCATALOG_COMPILER_APPICON_NAME = AppIcon;
				ASSETCATALOG_COMPILER_GLOBAL_ACCENT_COLOR_NAME = AccentColor;
				CODE_SIGN_STYLE = Automatic;
				CURRENT_PROJECT_VERSION = 1;
				ENABLE_PREVIEWS = YES;
				GENERATE_INFOPLIST_FILE = YES;
				INFOPLIST_KEY_UIApplicationSceneManifest_Generation = YES;
				INFOPLIST_KEY_UIApplicationSupportsIndirectInputEvents = YES;
				INFOPLIST_KEY_UILaunchScreen_Generation = YES;
				INFOPLIST_KEY_UISupportedInterfaceOrientations_iPad = "UIInterfaceOrientationPortrait UIInterfaceOrientationPortraitUpsideDown UIInterfaceOrientationLandscapeLeft UIInterfaceOrientationLandscapeRight";
				INFOPLIST_KEY_UISupportedInterfaceOrientations_iPhone = "UIInterfaceOrientationPortrait UIInterfaceOrientationLandscapeLeft UIInterfaceOrientationLandscapeRight";
				LD_RUNPATH_SEARCH_PATHS = (
					"$(inherited)",
					"@executable_path/Frameworks",
				);
				MARKETING_VERSION = 1.0;
				PRODUCT_BUNDLE_IDENTIFIER = "com.Dios.The-Nature-of-Happiness";
				PRODUCT_NAME = "$(TARGET_NAME)";
				SWIFT_EMIT_LOC_STRINGS = YES;
				SWIFT_VERSION = 5.0;
				TARGETED_DEVICE_FAMILY = "1,2";
			};
			name = Debug;
		};
		8CEC9EC12DC042F900C5E895 /* Release */ = {
			isa = XCBuildConfiguration;
			buildSettings = {
				ASSETCATALOG_COMPILER_APPICON_NAME = AppIcon;
				ASSETCATALOG_COMPILER_GLOBAL_ACCENT_COLOR_NAME = AccentColor;
				CODE_SIGN_STYLE = Automatic;
				CURRENT_PROJECT_VERSION = 1;
				ENABLE_PREVIEWS = YES;
				GENERATE_INFOPLIST_FILE = YES;
				INFOPLIST_KEY_UIApplicationSceneManifest_Generation = YES;
				INFOPLIST_KEY_UIApplicationSupportsIndirectInputEvents = YES;
				INFOPLIST_KEY_UILaunchScreen_Generation = YES;
				INFOPLIST_KEY_UISupportedInterfaceOrientations_iPad = "UIInterfaceOrientationPortrait UIInterfaceOrientationPortraitUpsideDown UIInterfaceOrientationLandscapeLeft UIInterfaceOrientationLandscapeRight";
				INFOPLIST_KEY_UISupportedInterfaceOrientations_iPhone = "UIInterfaceOrientationPortrait UIInterfaceOrientationLandscapeLeft UIInterfaceOrientationLandscapeRight";
				LD_RUNPATH_SEARCH_PATHS = (
					"$(inherited)",
					"@executable_path/Frameworks",
				);
				MARKETING_VERSION = 1.0;
				PRODUCT_BUNDLE_IDENTIFIER = "com.Dios.The-Nature-of-Happiness";
				PRODUCT_NAME = "$(TARGET_NAME)";
				SWIFT_EMIT_LOC_STRINGS = YES;
				SWIFT_VERSION = 5.0;
				TARGETED_DEVICE_FAMILY = "1,2";
			};
			name = Release;
		};
		8CEC9EC32DC042F900C5E895 /* Debug */ = {
			isa = XCBuildConfiguration;
			buildSettings = {
				BUNDLE_LOADER = "$(TEST_HOST)";
				CODE_SIGN_STYLE = Automatic;
				CURRENT_PROJECT_VERSION = 1;
				GENERATE_INFOPLIST_FILE = YES;
				IPHONEOS_DEPLOYMENT_TARGET = 18.4;
				MARKETING_VERSION = 1.0;
				PRODUCT_BUNDLE_IDENTIFIER = "com.Dios.The-Nature-of-HappinessTests";
				PRODUCT_NAME = "$(TARGET_NAME)";
				SWIFT_EMIT_LOC_STRINGS = NO;
				SWIFT_VERSION = 5.0;
				TARGETED_DEVICE_FAMILY = "1,2";
				TEST_HOST = "$(BUILT_PRODUCTS_DIR)/The Nature of Happiness.app/$(BUNDLE_EXECUTABLE_FOLDER_PATH)/The Nature of Happiness";
			};
			name = Debug;
		};
		8CEC9EC42DC042F900C5E895 /* Release */ = {
			isa = XCBuildConfiguration;
			buildSettings = {
				BUNDLE_LOADER = "$(TEST_HOST)";
				CODE_SIGN_STYLE = Automatic;
				CURRENT_PROJECT_VERSION = 1;
				GENERATE_INFOPLIST_FILE = YES;
				IPHONEOS_DEPLOYMENT_TARGET = 18.4;
				MARKETING_VERSION = 1.0;
				PRODUCT_BUNDLE_IDENTIFIER = "com.Dios.The-Nature-of-HappinessTests";
				PRODUCT_NAME = "$(TARGET_NAME)";
				SWIFT_EMIT_LOC_STRINGS = NO;
				SWIFT_VERSION = 5.0;
				TARGETED_DEVICE_FAMILY = "1,2";
				TEST_HOST = "$(BUILT_PRODUCTS_DIR)/The Nature of Happiness.app/$(BUNDLE_EXECUTABLE_FOLDER_PATH)/The Nature of Happiness";
			};
			name = Release;
		};
		8CEC9EC62DC042F900C5E895 /* Debug */ = {
			isa = XCBuildConfiguration;
			buildSettings = {
				CODE_SIGN_STYLE = Automatic;
				CURRENT_PROJECT_VERSION = 1;
				GENERATE_INFOPLIST_FILE = YES;
				MARKETING_VERSION = 1.0;
				PRODUCT_BUNDLE_IDENTIFIER = "com.Dios.The-Nature-of-HappinessUITests";
				PRODUCT_NAME = "$(TARGET_NAME)";
				SWIFT_EMIT_LOC_STRINGS = NO;
				SWIFT_VERSION = 5.0;
				TARGETED_DEVICE_FAMILY = "1,2";
				TEST_TARGET_NAME = "The Nature of Happiness";
			};
			name = Debug;
		};
		8CEC9EC72DC042F900C5E895 /* Release */ = {
			isa = XCBuildConfiguration;
			buildSettings = {
				CODE_SIGN_STYLE = Automatic;
				CURRENT_PROJECT_VERSION = 1;
				GENERATE_INFOPLIST_FILE = YES;
				MARKETING_VERSION = 1.0;
				PRODUCT_BUNDLE_IDENTIFIER = "com.Dios.The-Nature-of-HappinessUITests";
				PRODUCT_NAME = "$(TARGET_NAME)";
				SWIFT_EMIT_LOC_STRINGS = NO;
				SWIFT_VERSION = 5.0;
				TARGETED_DEVICE_FAMILY = "1,2";
				TEST_TARGET_NAME = "The Nature of Happiness";
			};
			name = Release;
		};
/* End XCBuildConfiguration section */

/* Begin XCConfigurationList section */
		8CEC9E992DC042F800C5E895 /* Build configuration list for PBXProject "The Nature of Happiness" */ = {
			isa = XCConfigurationList;
			buildConfigurations = (
				8CEC9EBD2DC042F900C5E895 /* Debug */,
				8CEC9EBE2DC042F900C5E895 /* Release */,
			);
			defaultConfigurationIsVisible = 0;
			defaultConfigurationName = Release;
		};
		8CEC9EBF2DC042F900C5E895 /* Build configuration list for PBXNativeTarget "The Nature of Happiness" */ = {
			isa = XCConfigurationList;
			buildConfigurations = (
				8CEC9EC02DC042F900C5E895 /* Debug */,
				8CEC9EC12DC042F900C5E895 /* Release */,
			);
			defaultConfigurationIsVisible = 0;
			defaultConfigurationName = Release;
		};
		8CEC9EC22DC042F900C5E895 /* Build configuration list for PBXNativeTarget "The Nature of HappinessTests" */ = {
			isa = XCConfigurationList;
			buildConfigurations = (
				8CEC9EC32DC042F900C5E895 /* Debug */,
				8CEC9EC42DC042F900C5E895 /* Release */,
			);
			defaultConfigurationIsVisible = 0;
			defaultConfigurationName = Release;
		};
		8CEC9EC52DC042F900C5E895 /* Build configuration list for PBXNativeTarget "The Nature of HappinessUITests" */ = {
			isa = XCConfigurationList;
			buildConfigurations = (
				8CEC9EC62DC042F900C5E895 /* Debug */,
				8CEC9EC72DC042F900C5E895 /* Release */,
			);
			defaultConfigurationIsVisible = 0;
			defaultConfigurationName = Release;
		};
/* End XCConfigurationList section */
	};
	rootObject = 8CEC9E962DC042F800C5E895 /* Project object */;
}
